// !$*UTF8*$!
{
	archiveVersion = 1;
	classes = {
	};
	objectVersion = 56;
	objects = {

/* Begin PBXBuildFile section */
		689FC07D2A4FC2F60079D305 /* AI_ScribeApp.swift in Sources */ = {isa = PBXBuildFile; fileRef = 689FC07C2A4FC2F60079D305 /* AI_ScribeApp.swift */; };
		689FC07F2A4FC2F60079D305 /* ContentView.swift in Sources */ = {isa = PBXBuildFile; fileRef = 689FC07E2A4FC2F60079D305 /* ContentView.swift */; };
		689FC0812A4FC2F80079D305 /* Assets.xcassets in Resources */ = {isa = PBXBuildFile; fileRef = 689FC0802A4FC2F80079D305 /* Assets.xcassets */; };
		689FC0852A4FC2F80079D305 /* Preview Assets.xcassets in Resources */ = {isa = PBXBuildFile; fileRef = 689FC0842A4FC2F80079D305 /* Preview Assets.xcassets */; };
		689FC08F2A4FC2F80079D305 /* AI_ScribeTests.swift in Sources */ = {isa = PBXBuildFile; fileRef = 689FC08E2A4FC2F80079D305 /* AI_ScribeTests.swift */; };
		689FC0992A4FC2F80079D305 /* AI_ScribeUITests.swift in Sources */ = {isa = PBXBuildFile; fileRef = 689FC0982A4FC2F80079D305 /* AI_ScribeUITests.swift */; };
		689FC09B2A4FC2F80079D305 /* AI_ScribeUITestsLaunchTests.swift in Sources */ = {isa = PBXBuildFile; fileRef = 689FC09A2A4FC2F80079D305 /* AI_ScribeUITestsLaunchTests.swift */; };
/* End PBXBuildFile section */

/* Begin PBXContainerItemProxy section */
		689FC08B2A4FC2F80079D305 /* PBXContainerItemProxy */ = {
			isa = PBXContainerItemProxy;
			containerPortal = 689FC0712A4FC2F60079D305 /* Project object */;
			proxyType = 1;
			remoteGlobalIDString = 689FC0782A4FC2F60079D305;
			remoteInfo = AI_Scribe;
		};
		689FC0952A4FC2F80079D305 /* PBXContainerItemProxy */ = {
			isa = PBXContainerItemProxy;
			containerPortal = 689FC0712A4FC2F60079D305 /* Project object */;
			proxyType = 1;
			remoteGlobalIDString = 689FC0782A4FC2F60079D305;
			remoteInfo = AI_Scribe;
		};
/* End PBXContainerItemProxy section */

/* Begin PBXFileReference section */
		689FC0792A4FC2F60079D305 /* AI_Scribe.app */ = {isa = PBXFileReference; explicitFileType = wrapper.application; includeInIndex = 0; path = AI_Scribe.app; sourceTree = BUILT_PRODUCTS_DIR; };
		689FC07C2A4FC2F60079D305 /* AI_ScribeApp.swift */ = {isa = PBXFileReference; lastKnownFileType = sourcecode.swift; path = AI_ScribeApp.swift; sourceTree = "<group>"; };
		689FC07E2A4FC2F60079D305 /* ContentView.swift */ = {isa = PBXFileReference; lastKnownFileType = sourcecode.swift; path = ContentView.swift; sourceTree = "<group>"; };
		689FC0802A4FC2F80079D305 /* Assets.xcassets */ = {isa = PBXFileReference; lastKnownFileType = folder.assetcatalog; path = Assets.xcassets; sourceTree = "<group>"; };
		689FC0822A4FC2F80079D305 /* AI_Scribe.entitlements */ = {isa = PBXFileReference; lastKnownFileType = text.plist.entitlements; path = AI_Scribe.entitlements; sourceTree = "<group>"; };
		689FC0842A4FC2F80079D305 /* Preview Assets.xcassets */ = {isa = PBXFileReference; lastKnownFileType = folder.assetcatalog; path = "Preview Assets.xcassets"; sourceTree = "<group>"; };
		689FC08A2A4FC2F80079D305 /* AI_ScribeTests.xctest */ = {isa = PBXFileReference; explicitFileType = wrapper.cfbundle; includeInIndex = 0; path = AI_ScribeTests.xctest; sourceTree = BUILT_PRODUCTS_DIR; };
		689FC08E2A4FC2F80079D305 /* AI_ScribeTests.swift */ = {isa = PBXFileReference; lastKnownFileType = sourcecode.swift; path = AI_ScribeTests.swift; sourceTree = "<group>"; };
		689FC0942A4FC2F80079D305 /* AI_ScribeUITests.xctest */ = {isa = PBXFileReference; explicitFileType = wrapper.cfbundle; includeInIndex = 0; path = AI_ScribeUITests.xctest; sourceTree = BUILT_PRODUCTS_DIR; };
		689FC0982A4FC2F80079D305 /* AI_ScribeUITests.swift */ = {isa = PBXFileReference; lastKnownFileType = sourcecode.swift; path = AI_ScribeUITests.swift; sourceTree = "<group>"; };
		689FC09A2A4FC2F80079D305 /* AI_ScribeUITestsLaunchTests.swift */ = {isa = PBXFileReference; lastKnownFileType = sourcecode.swift; path = AI_ScribeUITestsLaunchTests.swift; sourceTree = "<group>"; };
/* End PBXFileReference section */

/* Begin PBXFrameworksBuildPhase section */
		689FC0762A4FC2F60079D305 /* Frameworks */ = {
			isa = PBXFrameworksBuildPhase;
			buildActionMask = 2147483647;
			files = (
			);
			runOnlyForDeploymentPostprocessing = 0;
		};
		689FC0872A4FC2F80079D305 /* Frameworks */ = {
			isa = PBXFrameworksBuildPhase;
			buildActionMask = 2147483647;
			files = (
			);
			runOnlyForDeploymentPostprocessing = 0;
		};
		689FC0912A4FC2F80079D305 /* Frameworks */ = {
			isa = PBXFrameworksBuildPhase;
			buildActionMask = 2147483647;
			files = (
			);
			runOnlyForDeploymentPostprocessing = 0;
		};
/* End PBXFrameworksBuildPhase section */

/* Begin PBXGroup section */
		689FC0702A4FC2F60079D305 = {
			isa = PBXGroup;
			children = (
				689FC07B2A4FC2F60079D305 /* AI_Scribe */,
				689FC08D2A4FC2F80079D305 /* AI_ScribeTests */,
				689FC0972A4FC2F80079D305 /* AI_ScribeUITests */,
				689FC07A2A4FC2F60079D305 /* Products */,
			);
			sourceTree = "<group>";
		};
		689FC07A2A4FC2F60079D305 /* Products */ = {
			isa = PBXGroup;
			children = (
				689FC0792A4FC2F60079D305 /* AI_Scribe.app */,
				689FC08A2A4FC2F80079D305 /* AI_ScribeTests.xctest */,
				689FC0942A4FC2F80079D305 /* AI_ScribeUITests.xctest */,
			);
			name = Products;
			sourceTree = "<group>";
		};
		689FC07B2A4FC2F60079D305 /* AI_Scribe */ = {
			isa = PBXGroup;
			children = (
				689FC07C2A4FC2F60079D305 /* AI_ScribeApp.swift */,
				689FC07E2A4FC2F60079D305 /* ContentView.swift */,
				689FC0802A4FC2F80079D305 /* Assets.xcassets */,
				689FC0822A4FC2F80079D305 /* AI_Scribe.entitlements */,
				689FC0832A4FC2F80079D305 /* Preview Content */,
			);
			path = AI_Scribe;
			sourceTree = "<group>";
		};
		689FC0832A4FC2F80079D305 /* Preview Content */ = {
			isa = PBXGroup;
			children = (
				689FC0842A4FC2F80079D305 /* Preview Assets.xcassets */,
			);
			path = "Preview Content";
			sourceTree = "<group>";
		};
		689FC08D2A4FC2F80079D305 /* AI_ScribeTests */ = {
			isa = PBXGroup;
			children = (
				689FC08E2A4FC2F80079D305 /* AI_ScribeTests.swift */,
			);
			path = AI_ScribeTests;
			sourceTree = "<group>";
		};
		689FC0972A4FC2F80079D305 /* AI_ScribeUITests */ = {
			isa = PBXGroup;
			children = (
				689FC0982A4FC2F80079D305 /* AI_ScribeUITests.swift */,
				689FC09A2A4FC2F80079D305 /* AI_ScribeUITestsLaunchTests.swift */,
			);
			path = AI_ScribeUITests;
			sourceTree = "<group>";
		};
/* End PBXGroup section */

/* Begin PBXNativeTarget section */
		689FC0782A4FC2F60079D305 /* AI_Scribe */ = {
			isa = PBXNativeTarget;
			buildConfigurationList = 689FC09E2A4FC2F80079D305 /* Build configuration list for PBXNativeTarget "AI_Scribe" */;
			buildPhases = (
				689FC0752A4FC2F60079D305 /* Sources */,
				689FC0762A4FC2F60079D305 /* Frameworks */,
				689FC0772A4FC2F60079D305 /* Resources */,
			);
			buildRules = (
			);
			dependencies = (
			);
			name = AI_Scribe;
			productName = AI_Scribe;
			productReference = 689FC0792A4FC2F60079D305 /* AI_Scribe.app */;
			productType = "com.apple.product-type.application";
		};
		689FC0892A4FC2F80079D305 /* AI_ScribeTests */ = {
			isa = PBXNativeTarget;
			buildConfigurationList = 689FC0A12A4FC2F80079D305 /* Build configuration list for PBXNativeTarget "AI_ScribeTests" */;
			buildPhases = (
				689FC0862A4FC2F80079D305 /* Sources */,
				689FC0872A4FC2F80079D305 /* Frameworks */,
				689FC0882A4FC2F80079D305 /* Resources */,
			);
			buildRules = (
			);
			dependencies = (
				689FC08C2A4FC2F80079D305 /* PBXTargetDependency */,
			);
			name = AI_ScribeTests;
			productName = AI_ScribeTests;
			productReference = 689FC08A2A4FC2F80079D305 /* AI_ScribeTests.xctest */;
			productType = "com.apple.product-type.bundle.unit-test";
		};
		689FC0932A4FC2F80079D305 /* AI_ScribeUITests */ = {
			isa = PBXNativeTarget;
			buildConfigurationList = 689FC0A42A4FC2F80079D305 /* Build configuration list for PBXNativeTarget "AI_ScribeUITests" */;
			buildPhases = (
				689FC0902A4FC2F80079D305 /* Sources */,
				689FC0912A4FC2F80079D305 /* Frameworks */,
				689FC0922A4FC2F80079D305 /* Resources */,
			);
			buildRules = (
			);
			dependencies = (
				689FC0962A4FC2F80079D305 /* PBXTargetDependency */,
			);
			name = AI_ScribeUITests;
			productName = AI_ScribeUITests;
			productReference = 689FC0942A4FC2F80079D305 /* AI_ScribeUITests.xctest */;
			productType = "com.apple.product-type.bundle.ui-testing";
		};
/* End PBXNativeTarget section */

/* Begin PBXProject section */
		689FC0712A4FC2F60079D305 /* Project object */ = {
			isa = PBXProject;
			attributes = {
				BuildIndependentTargetsInParallel = 1;
				LastSwiftUpdateCheck = 1430;
				LastUpgradeCheck = 1430;
				TargetAttributes = {
					689FC0782A4FC2F60079D305 = {
						CreatedOnToolsVersion = 14.3.1;
					};
					689FC0892A4FC2F80079D305 = {
						CreatedOnToolsVersion = 14.3.1;
						TestTargetID = 689FC0782A4FC2F60079D305;
					};
					689FC0932A4FC2F80079D305 = {
						CreatedOnToolsVersion = 14.3.1;
						TestTargetID = 689FC0782A4FC2F60079D305;
					};
				};
			};
			buildConfigurationList = 689FC0742A4FC2F60079D305 /* Build configuration list for PBXProject "AI_Scribe" */;
			compatibilityVersion = "Xcode 14.0";
			developmentRegion = en;
			hasScannedForEncodings = 0;
			knownRegions = (
				en,
				Base,
			);
			mainGroup = 689FC0702A4FC2F60079D305;
			productRefGroup = 689FC07A2A4FC2F60079D305 /* Products */;
			projectDirPath = "";
			projectRoot = "";
			targets = (
				689FC0782A4FC2F60079D305 /* AI_Scribe */,
				689FC0892A4FC2F80079D305 /* AI_ScribeTests */,
				689FC0932A4FC2F80079D305 /* AI_ScribeUITests */,
			);
		};
/* End PBXProject section */

/* Begin PBXResourcesBuildPhase section */
		689FC0772A4FC2F60079D305 /* Resources */ = {
			isa = PBXResourcesBuildPhase;
			buildActionMask = 2147483647;
			files = (
				689FC0852A4FC2F80079D305 /* Preview Assets.xcassets in Resources */,
				689FC0812A4FC2F80079D305 /* Assets.xcassets in Resources */,
			);
			runOnlyForDeploymentPostprocessing = 0;
		};
		689FC0882A4FC2F80079D305 /* Resources */ = {
			isa = PBXResourcesBuildPhase;
			buildActionMask = 2147483647;
			files = (
			);
			runOnlyForDeploymentPostprocessing = 0;
		};
		689FC0922A4FC2F80079D305 /* Resources */ = {
			isa = PBXResourcesBuildPhase;
			buildActionMask = 2147483647;
			files = (
			);
			runOnlyForDeploymentPostprocessing = 0;
		};
/* End PBXResourcesBuildPhase section */

/* Begin PBXSourcesBuildPhase section */
		689FC0752A4FC2F60079D305 /* Sources */ = {
			isa = PBXSourcesBuildPhase;
			buildActionMask = 2147483647;
			files = (
				689FC07F2A4FC2F60079D305 /* ContentView.swift in Sources */,
				689FC07D2A4FC2F60079D305 /* AI_ScribeApp.swift in Sources */,
			);
			runOnlyForDeploymentPostprocessing = 0;
		};
		689FC0862A4FC2F80079D305 /* Sources */ = {
			isa = PBXSourcesBuildPhase;
			buildActionMask = 2147483647;
			files = (
				689FC08F2A4FC2F80079D305 /* AI_ScribeTests.swift in Sources */,
			);
			runOnlyForDeploymentPostprocessing = 0;
		};
		689FC0902A4FC2F80079D305 /* Sources */ = {
			isa = PBXSourcesBuildPhase;
			buildActionMask = 2147483647;
			files = (
				689FC09B2A4FC2F80079D305 /* AI_ScribeUITestsLaunchTests.swift in Sources */,
				689FC0992A4FC2F80079D305 /* AI_ScribeUITests.swift in Sources */,
			);
			runOnlyForDeploymentPostprocessing = 0;
		};
/* End PBXSourcesBuildPhase section */

/* Begin PBXTargetDependency section */
		689FC08C2A4FC2F80079D305 /* PBXTargetDependency */ = {
			isa = PBXTargetDependency;
			target = 689FC0782A4FC2F60079D305 /* AI_Scribe */;
			targetProxy = 689FC08B2A4FC2F80079D305 /* PBXContainerItemProxy */;
		};
		689FC0962A4FC2F80079D305 /* PBXTargetDependency */ = {
			isa = PBXTargetDependency;
			target = 689FC0782A4FC2F60079D305 /* AI_Scribe */;
			targetProxy = 689FC0952A4FC2F80079D305 /* PBXContainerItemProxy */;
		};
/* End PBXTargetDependency section */

/* Begin XCBuildConfiguration section */
		689FC09C2A4FC2F80079D305 /* Debug */ = {
			isa = XCBuildConfiguration;
			buildSettings = {
				ALWAYS_SEARCH_USER_PATHS = NO;
				CLANG_ANALYZER_NONNULL = YES;
				CLANG_ANALYZER_NUMBER_OBJECT_CONVERSION = YES_AGGRESSIVE;
				CLANG_CXX_LANGUAGE_STANDARD = "gnu++20";
				CLANG_ENABLE_MODULES = YES;
				CLANG_ENABLE_OBJC_ARC = YES;
				CLANG_ENABLE_OBJC_WEAK = YES;
				CLANG_WARN_BLOCK_CAPTURE_AUTORELEASING = YES;
				CLANG_WARN_BOOL_CONVERSION = YES;
				CLANG_WARN_COMMA = YES;
				CLANG_WARN_CONSTANT_CONVERSION = YES;
				CLANG_WARN_DEPRECATED_OBJC_IMPLEMENTATIONS = YES;
				CLANG_WARN_DIRECT_OBJC_ISA_USAGE = YES_ERROR;
				CLANG_WARN_DOCUMENTATION_COMMENTS = YES;
				CLANG_WARN_EMPTY_BODY = YES;
				CLANG_WARN_ENUM_CONVERSION = YES;
				CLANG_WARN_INFINITE_RECURSION = YES;
				CLANG_WARN_INT_CONVERSION = YES;
				CLANG_WARN_NON_LITERAL_NULL_CONVERSION = YES;
				CLANG_WARN_OBJC_IMPLICIT_RETAIN_SELF = YES;
				CLANG_WARN_OBJC_LITERAL_CONVERSION = YES;
				CLANG_WARN_OBJC_ROOT_CLASS = YES_ERROR;
				CLANG_WARN_QUOTED_INCLUDE_IN_FRAMEWORK_HEADER = YES;
				CLANG_WARN_RANGE_LOOP_ANALYSIS = YES;
				CLANG_WARN_STRICT_PROTOTYPES = YES;
				CLANG_WARN_SUSPICIOUS_MOVE = YES;
				CLANG_WARN_UNGUARDED_AVAILABILITY = YES_AGGRESSIVE;
				CLANG_WARN_UNREACHABLE_CODE = YES;
				CLANG_WARN__DUPLICATE_METHOD_MATCH = YES;
				COPY_PHASE_STRIP = NO;
				DEBUG_INFORMATION_FORMAT = dwarf;
				ENABLE_STRICT_OBJC_MSGSEND = YES;
				ENABLE_TESTABILITY = YES;
				GCC_C_LANGUAGE_STANDARD = gnu11;
				GCC_DYNAMIC_NO_PIC = NO;
				GCC_NO_COMMON_BLOCKS = YES;
				GCC_OPTIMIZATION_LEVEL = 0;
				GCC_PREPROCESSOR_DEFINITIONS = (
					"DEBUG=1",
					"$(inherited)",
				);
				GCC_WARN_64_TO_32_BIT_CONVERSION = YES;
				GCC_WARN_ABOUT_RETURN_TYPE = YES_ERROR;
				GCC_WARN_UNDECLARED_SELECTOR = YES;
				GCC_WARN_UNINITIALIZED_AUTOS = YES_AGGRESSIVE;
				GCC_WARN_UNUSED_FUNCTION = YES;
				GCC_WARN_UNUSED_VARIABLE = YES;
				MTL_ENABLE_DEBUG_INFO = INCLUDE_SOURCE;
				MTL_FAST_MATH = YES;
				ONLY_ACTIVE_ARCH = YES;
				SWIFT_ACTIVE_COMPILATION_CONDITIONS = DEBUG;
				SWIFT_OPTIMIZATION_LEVEL = "-Onone";
			};
			name = Debug;
		};
		689FC09D2A4FC2F80079D305 /* Release */ = {
			isa = XCBuildConfiguration;
			buildSettings = {
				ALWAYS_SEARCH_USER_PATHS = NO;
				CLANG_ANALYZER_NONNULL = YES;
				CLANG_ANALYZER_NUMBER_OBJECT_CONVERSION = YES_AGGRESSIVE;
				CLANG_CXX_LANGUAGE_STANDARD = "gnu++20";
				CLANG_ENABLE_MODULES = YES;
				CLANG_ENABLE_OBJC_ARC = YES;
				CLANG_ENABLE_OBJC_WEAK = YES;
				CLANG_WARN_BLOCK_CAPTURE_AUTORELEASING = YES;
				CLANG_WARN_BOOL_CONVERSION = YES;
				CLANG_WARN_COMMA = YES;
				CLANG_WARN_CONSTANT_CONVERSION = YES;
				CLANG_WARN_DEPRECATED_OBJC_IMPLEMENTATIONS = YES;
				CLANG_WARN_DIRECT_OBJC_ISA_USAGE = YES_ERROR;
				CLANG_WARN_DOCUMENTATION_COMMENTS = YES;
				CLANG_WARN_EMPTY_BODY = YES;
				CLANG_WARN_ENUM_CONVERSION = YES;
				CLANG_WARN_INFINITE_RECURSION = YES;
				CLANG_WARN_INT_CONVERSION = YES;
				CLANG_WARN_NON_LITERAL_NULL_CONVERSION = YES;
				CLANG_WARN_OBJC_IMPLICIT_RETAIN_SELF = YES;
				CLANG_WARN_OBJC_LITERAL_CONVERSION = YES;
				CLANG_WARN_OBJC_ROOT_CLASS = YES_ERROR;
				CLANG_WARN_QUOTED_INCLUDE_IN_FRAMEWORK_HEADER = YES;
				CLANG_WARN_RANGE_LOOP_ANALYSIS = YES;
				CLANG_WARN_STRICT_PROTOTYPES = YES;
				CLANG_WARN_SUSPICIOUS_MOVE = YES;
				CLANG_WARN_UNGUARDED_AVAILABILITY = YES_AGGRESSIVE;
				CLANG_WARN_UNREACHABLE_CODE = YES;
				CLANG_WARN__DUPLICATE_METHOD_MATCH = YES;
				COPY_PHASE_STRIP = NO;
				DEBUG_INFORMATION_FORMAT = "dwarf-with-dsym";
				ENABLE_NS_ASSERTIONS = NO;
				ENABLE_STRICT_OBJC_MSGSEND = YES;
				GCC_C_LANGUAGE_STANDARD = gnu11;
				GCC_NO_COMMON_BLOCKS = YES;
				GCC_WARN_64_TO_32_BIT_CONVERSION = YES;
				GCC_WARN_ABOUT_RETURN_TYPE = YES_ERROR;
				GCC_WARN_UNDECLARED_SELECTOR = YES;
				GCC_WARN_UNINITIALIZED_AUTOS = YES_AGGRESSIVE;
				GCC_WARN_UNUSED_FUNCTION = YES;
				GCC_WARN_UNUSED_VARIABLE = YES;
				MTL_ENABLE_DEBUG_INFO = NO;
				MTL_FAST_MATH = YES;
				SWIFT_COMPILATION_MODE = wholemodule;
				SWIFT_OPTIMIZATION_LEVEL = "-O";
			};
			name = Release;
		};
		689FC09F2A4FC2F80079D305 /* Debug */ = {
			isa = XCBuildConfiguration;
			buildSettings = {
				ASSETCATALOG_COMPILER_APPICON_NAME = AppIcon;
				ASSETCATALOG_COMPILER_GLOBAL_ACCENT_COLOR_NAME = AccentColor;
				CODE_SIGN_ENTITLEMENTS = AI_Scribe/AI_Scribe.entitlements;
				CODE_SIGN_STYLE = Automatic;
				CURRENT_PROJECT_VERSION = 1;
				DEVELOPMENT_ASSET_PATHS = "\"AI_Scribe/Preview Content\"";
				DEVELOPMENT_TEAM = H77QMQGMMH;
				ENABLE_HARDENED_RUNTIME = YES;
				ENABLE_PREVIEWS = YES;
				GENERATE_INFOPLIST_FILE = YES;
				"INFOPLIST_KEY_UIApplicationSceneManifest_Generation[sdk=iphoneos*]" = YES;
				"INFOPLIST_KEY_UIApplicationSceneManifest_Generation[sdk=iphonesimulator*]" = YES;
				"INFOPLIST_KEY_UIApplicationSupportsIndirectInputEvents[sdk=iphoneos*]" = YES;
				"INFOPLIST_KEY_UIApplicationSupportsIndirectInputEvents[sdk=iphonesimulator*]" = YES;
				"INFOPLIST_KEY_UILaunchScreen_Generation[sdk=iphoneos*]" = YES;
				"INFOPLIST_KEY_UILaunchScreen_Generation[sdk=iphonesimulator*]" = YES;
				"INFOPLIST_KEY_UIStatusBarStyle[sdk=iphoneos*]" = UIStatusBarStyleDefault;
				"INFOPLIST_KEY_UIStatusBarStyle[sdk=iphonesimulator*]" = UIStatusBarStyleDefault;
				INFOPLIST_KEY_UISupportedInterfaceOrientations_iPad = "UIInterfaceOrientationPortrait UIInterfaceOrientationPortraitUpsideDown UIInterfaceOrientationLandscapeLeft UIInterfaceOrientationLandscapeRight";
				INFOPLIST_KEY_UISupportedInterfaceOrientations_iPhone = "UIInterfaceOrientationPortrait UIInterfaceOrientationLandscapeLeft UIInterfaceOrientationLandscapeRight";
				IPHONEOS_DEPLOYMENT_TARGET = 16.4;
				LD_RUNPATH_SEARCH_PATHS = "@executable_path/Frameworks";
				"LD_RUNPATH_SEARCH_PATHS[sdk=macosx*]" = "@executable_path/../Frameworks";
				MACOSX_DEPLOYMENT_TARGET = 13.3;
				MARKETING_VERSION = 1.0;
				PRODUCT_BUNDLE_IDENTIFIER = "eotles.AI-Scribe";
				PRODUCT_NAME = "$(TARGET_NAME)";
				SDKROOT = auto;
				SUPPORTED_PLATFORMS = "iphoneos iphonesimulator macosx";
				SWIFT_EMIT_LOC_STRINGS = YES;
				SWIFT_VERSION = 5.0;
				TARGETED_DEVICE_FAMILY = "1,2";
			};
			name = Debug;
		};
		689FC0A02A4FC2F80079D305 /* Release */ = {
			isa = XCBuildConfiguration;
			buildSettings = {
				ASSETCATALOG_COMPILER_APPICON_NAME = AppIcon;
				ASSETCATALOG_COMPILER_GLOBAL_ACCENT_COLOR_NAME = AccentColor;
				CODE_SIGN_ENTITLEMENTS = AI_Scribe/AI_Scribe.entitlements;
				CODE_SIGN_STYLE = Automatic;
				CURRENT_PROJECT_VERSION = 1;
				DEVELOPMENT_ASSET_PATHS = "\"AI_Scribe/Preview Content\"";
				DEVELOPMENT_TEAM = H77QMQGMMH;
				ENABLE_HARDENED_RUNTIME = YES;
				ENABLE_PREVIEWS = YES;
				GENERATE_INFOPLIST_FILE = YES;
				"INFOPLIST_KEY_UIApplicationSceneManifest_Generation[sdk=iphoneos*]" = YES;
				"INFOPLIST_KEY_UIApplicationSceneManifest_Generation[sdk=iphonesimulator*]" = YES;
				"INFOPLIST_KEY_UIApplicationSupportsIndirectInputEvents[sdk=iphoneos*]" = YES;
				"INFOPLIST_KEY_UIApplicationSupportsIndirectInputEvents[sdk=iphonesimulator*]" = YES;
				"INFOPLIST_KEY_UILaunchScreen_Generation[sdk=iphoneos*]" = YES;
				"INFOPLIST_KEY_UILaunchScreen_Generation[sdk=iphonesimulator*]" = YES;
				"INFOPLIST_KEY_UIStatusBarStyle[sdk=iphoneos*]" = UIStatusBarStyleDefault;
				"INFOPLIST_KEY_UIStatusBarStyle[sdk=iphonesimulator*]" = UIStatusBarStyleDefault;
				INFOPLIST_KEY_UISupportedInterfaceOrientations_iPad = "UIInterfaceOrientationPortrait UIInterfaceOrientationPortraitUpsideDown UIInterfaceOrientationLandscapeLeft UIInterfaceOrientationLandscapeRight";
				INFOPLIST_KEY_UISupportedInterfaceOrientations_iPhone = "UIInterfaceOrientationPortrait UIInterfaceOrientationLandscapeLeft UIInterfaceOrientationLandscapeRight";
				IPHONEOS_DEPLOYMENT_TARGET = 16.4;
				LD_RUNPATH_SEARCH_PATHS = "@executable_path/Frameworks";
				"LD_RUNPATH_SEARCH_PATHS[sdk=macosx*]" = "@executable_path/../Frameworks";
				MACOSX_DEPLOYMENT_TARGET = 13.3;
				MARKETING_VERSION = 1.0;
				PRODUCT_BUNDLE_IDENTIFIER = "eotles.AI-Scribe";
				PRODUCT_NAME = "$(TARGET_NAME)";
				SDKROOT = auto;
				SUPPORTED_PLATFORMS = "iphoneos iphonesimulator macosx";
				SWIFT_EMIT_LOC_STRINGS = YES;
				SWIFT_VERSION = 5.0;
				TARGETED_DEVICE_FAMILY = "1,2";
			};
			name = Release;
		};
		689FC0A22A4FC2F80079D305 /* Debug */ = {
			isa = XCBuildConfiguration;
			buildSettings = {
				ALWAYS_EMBED_SWIFT_STANDARD_LIBRARIES = YES;
				BUNDLE_LOADER = "$(TEST_HOST)";
				CODE_SIGN_STYLE = Automatic;
				CURRENT_PROJECT_VERSION = 1;
				DEVELOPMENT_TEAM = H77QMQGMMH;
				GENERATE_INFOPLIST_FILE = YES;
				IPHONEOS_DEPLOYMENT_TARGET = 16.4;
				MACOSX_DEPLOYMENT_TARGET = 13.3;
				MARKETING_VERSION = 1.0;
				PRODUCT_BUNDLE_IDENTIFIER = "eotles.AI-ScribeTests";
				PRODUCT_NAME = "$(TARGET_NAME)";
				SDKROOT = auto;
				SUPPORTED_PLATFORMS = "iphoneos iphonesimulator macosx";
				SWIFT_EMIT_LOC_STRINGS = NO;
				SWIFT_VERSION = 5.0;
				TARGETED_DEVICE_FAMILY = "1,2";
				TEST_HOST = "$(BUILT_PRODUCTS_DIR)/AI_Scribe.app/$(BUNDLE_EXECUTABLE_FOLDER_PATH)/AI_Scribe";
			};
			name = Debug;
		};
		689FC0A32A4FC2F80079D305 /* Release */ = {
			isa = XCBuildConfiguration;
			buildSettings = {
				ALWAYS_EMBED_SWIFT_STANDARD_LIBRARIES = YES;
				BUNDLE_LOADER = "$(TEST_HOST)";
				CODE_SIGN_STYLE = Automatic;
				CURRENT_PROJECT_VERSION = 1;
				DEVELOPMENT_TEAM = H77QMQGMMH;
				GENERATE_INFOPLIST_FILE = YES;
				IPHONEOS_DEPLOYMENT_TARGET = 16.4;
				MACOSX_DEPLOYMENT_TARGET = 13.3;
				MARKETING_VERSION = 1.0;
				PRODUCT_BUNDLE_IDENTIFIER = "eotles.AI-ScribeTests";
				PRODUCT_NAME = "$(TARGET_NAME)";
				SDKROOT = auto;
				SUPPORTED_PLATFORMS = "iphoneos iphonesimulator macosx";
				SWIFT_EMIT_LOC_STRINGS = NO;
				SWIFT_VERSION = 5.0;
				TARGETED_DEVICE_FAMILY = "1,2";
				TEST_HOST = "$(BUILT_PRODUCTS_DIR)/AI_Scribe.app/$(BUNDLE_EXECUTABLE_FOLDER_PATH)/AI_Scribe";
			};
			name = Release;
		};
		689FC0A52A4FC2F80079D305 /* Debug */ = {
			isa = XCBuildConfiguration;
			buildSettings = {
				ALWAYS_EMBED_SWIFT_STANDARD_LIBRARIES = YES;
				CODE_SIGN_STYLE = Automatic;
				CURRENT_PROJECT_VERSION = 1;
				DEVELOPMENT_TEAM = H77QMQGMMH;
				GENERATE_INFOPLIST_FILE = YES;
				IPHONEOS_DEPLOYMENT_TARGET = 16.4;
				MACOSX_DEPLOYMENT_TARGET = 13.3;
				MARKETING_VERSION = 1.0;
				PRODUCT_BUNDLE_IDENTIFIER = "eotles.AI-ScribeUITests";
				PRODUCT_NAME = "$(TARGET_NAME)";
				SDKROOT = auto;
				SUPPORTED_PLATFORMS = "iphoneos iphonesimulator macosx";
				SWIFT_EMIT_LOC_STRINGS = NO;
				SWIFT_VERSION = 5.0;
				TARGETED_DEVICE_FAMILY = "1,2";
				TEST_TARGET_NAME = AI_Scribe;
			};
			name = Debug;
		};
		689FC0A62A4FC2F80079D305 /* Release */ = {
			isa = XCBuildConfiguration;
			buildSettings = {
				ALWAYS_EMBED_SWIFT_STANDARD_LIBRARIES = YES;
				CODE_SIGN_STYLE = Automatic;
				CURRENT_PROJECT_VERSION = 1;
				DEVELOPMENT_TEAM = H77QMQGMMH;
				GENERATE_INFOPLIST_FILE = YES;
				IPHONEOS_DEPLOYMENT_TARGET = 16.4;
				MACOSX_DEPLOYMENT_TARGET = 13.3;
				MARKETING_VERSION = 1.0;
				PRODUCT_BUNDLE_IDENTIFIER = "eotles.AI-ScribeUITests";
				PRODUCT_NAME = "$(TARGET_NAME)";
				SDKROOT = auto;
				SUPPORTED_PLATFORMS = "iphoneos iphonesimulator macosx";
				SWIFT_EMIT_LOC_STRINGS = NO;
				SWIFT_VERSION = 5.0;
				TARGETED_DEVICE_FAMILY = "1,2";
				TEST_TARGET_NAME = AI_Scribe;
			};
			name = Release;
		};
/* End XCBuildConfiguration section */

/* Begin XCConfigurationList section */
		689FC0742A4FC2F60079D305 /* Build configuration list for PBXProject "AI_Scribe" */ = {
			isa = XCConfigurationList;
			buildConfigurations = (
				689FC09C2A4FC2F80079D305 /* Debug */,
				689FC09D2A4FC2F80079D305 /* Release */,
			);
			defaultConfigurationIsVisible = 0;
			defaultConfigurationName = Release;
		};
		689FC09E2A4FC2F80079D305 /* Build configuration list for PBXNativeTarget "AI_Scribe" */ = {
			isa = XCConfigurationList;
			buildConfigurations = (
				689FC09F2A4FC2F80079D305 /* Debug */,
				689FC0A02A4FC2F80079D305 /* Release */,
			);
			defaultConfigurationIsVisible = 0;
			defaultConfigurationName = Release;
		};
		689FC0A12A4FC2F80079D305 /* Build configuration list for PBXNativeTarget "AI_ScribeTests" */ = {
			isa = XCConfigurationList;
			buildConfigurations = (
				689FC0A22A4FC2F80079D305 /* Debug */,
				689FC0A32A4FC2F80079D305 /* Release */,
			);
			defaultConfigurationIsVisible = 0;
			defaultConfigurationName = Release;
		};
		689FC0A42A4FC2F80079D305 /* Build configuration list for PBXNativeTarget "AI_ScribeUITests" */ = {
			isa = XCConfigurationList;
			buildConfigurations = (
				689FC0A52A4FC2F80079D305 /* Debug */,
				689FC0A62A4FC2F80079D305 /* Release */,
			);
			defaultConfigurationIsVisible = 0;
			defaultConfigurationName = Release;
		};
/* End XCConfigurationList section */
	};
	rootObject = 689FC0712A4FC2F60079D305 /* Project object */;
}
